// !$*UTF8*$!
{
	archiveVersion = 1;
	classes = {
	};
	objectVersion = 46;
	objects = {

/* Begin PBXBuildFile section */
		9F0369AD1EB744AA003FB013 /* XCycleView.m in Sources */ = {isa = PBXBuildFile; fileRef = 9F0369AC1EB744AA003FB013 /* XCycleView.m */; };
		9F0369B11EB744CC003FB013 /* CycleTableViewCell.m in Sources */ = {isa = PBXBuildFile; fileRef = 9F0369AF1EB744CC003FB013 /* CycleTableViewCell.m */; };
		9F0369B21EB744CC003FB013 /* CycleTableViewCell.xib in Resources */ = {isa = PBXBuildFile; fileRef = 9F0369B01EB744CC003FB013 /* CycleTableViewCell.xib */; };
		9F0369B51EB75051003FB013 /* XJYTapCycleView.m in Sources */ = {isa = PBXBuildFile; fileRef = 9F0369B41EB75051003FB013 /* XJYTapCycleView.m */; };
		9F0369FD1EB778E9003FB013 /* BtnView.m in Sources */ = {isa = PBXBuildFile; fileRef = 9F0369FC1EB778E9003FB013 /* BtnView.m */; };
		9F0F82561E9F7999009763FF /* XAbscissaView.m in Sources */ = {isa = PBXBuildFile; fileRef = 9F0F821C1E9F7999009763FF /* XAbscissaView.m */; };
		9F0F82571E9F7999009763FF /* CALayer+XXLayer.m in Sources */ = {isa = PBXBuildFile; fileRef = 9F0F821E1E9F7999009763FF /* CALayer+XXLayer.m */; };
		9F0F825D1E9F7999009763FF /* OrdinateView.m in Sources */ = {isa = PBXBuildFile; fileRef = 9F0F82291E9F7999009763FF /* OrdinateView.m */; };
		9F0F825E1E9F7999009763FF /* XRandomNumerHelper.m in Sources */ = {isa = PBXBuildFile; fileRef = 9F0F822B1E9F7999009763FF /* XRandomNumerHelper.m */; };
		9F0F82601E9F7999009763FF /* XBarChartView.m in Sources */ = {isa = PBXBuildFile; fileRef = 9F0F82301E9F7999009763FF /* XBarChartView.m */; };
		9F0F82611E9F7999009763FF /* XBarContainerView.m in Sources */ = {isa = PBXBuildFile; fileRef = 9F0F82321E9F7999009763FF /* XBarContainerView.m */; };
		9F0F82621E9F7999009763FF /* XAuxiliaryCalculationHelper.m in Sources */ = {isa = PBXBuildFile; fileRef = 9F0F82341E9F7999009763FF /* XAuxiliaryCalculationHelper.m */; };
		9F0F82641E9F7999009763FF /* XBarItem.m in Sources */ = {isa = PBXBuildFile; fileRef = 9F0F82381E9F7999009763FF /* XBarItem.m */; };
		9F0F82671E9F7999009763FF /* XColor.m in Sources */ = {isa = PBXBuildFile; fileRef = 9F0F82401E9F7999009763FF /* XColor.m */; };
		9F0F826A1E9F7999009763FF /* XPieChart.m in Sources */ = {isa = PBXBuildFile; fileRef = 9F0F82461E9F7999009763FF /* XPieChart.m */; };
		9F0F826B1E9F7999009763FF /* XPieItem.m in Sources */ = {isa = PBXBuildFile; fileRef = 9F0F82481E9F7999009763FF /* XPieItem.m */; };
		9F0F826D1E9F7999009763FF /* XLineChartView.m in Sources */ = {isa = PBXBuildFile; fileRef = 9F0F824C1E9F7999009763FF /* XLineChartView.m */; };
		9F0F826E1E9F7999009763FF /* XLineContainerView.m in Sources */ = {isa = PBXBuildFile; fileRef = 9F0F824E1E9F7999009763FF /* XLineContainerView.m */; };
		9F0F826F1E9F7999009763FF /* XBarChart.m in Sources */ = {isa = PBXBuildFile; fileRef = 9F0F82501E9F7999009763FF /* XBarChart.m */; };
		9F0F82701E9F7999009763FF /* XLineChart.m in Sources */ = {isa = PBXBuildFile; fileRef = 9F0F82531E9F7999009763FF /* XLineChart.m */; };
		9F0F82711E9F7999009763FF /* XLineChartItem.m in Sources */ = {isa = PBXBuildFile; fileRef = 9F0F82551E9F7999009763FF /* XLineChartItem.m */; };
		9F146A0C1F0A322C002B966B /* XShape.m in Sources */ = {isa = PBXBuildFile; fileRef = 9F146A0B1F0A322C002B966B /* XShape.m */; };
		9F20B9391EC444CA00973A15 /* UIGestureRecognizer+XXGes.m in Sources */ = {isa = PBXBuildFile; fileRef = 9F20B9381EC444CA00973A15 /* UIGestureRecognizer+XXGes.m */; };
		9F20B93F1EC47CAB00973A15 /* XStackAreaLineContainerView.m in Sources */ = {isa = PBXBuildFile; fileRef = 9F20B93E1EC47CAB00973A15 /* XStackAreaLineContainerView.m */; };
		9F20B9421EC4990700973A15 /* StackAreaTableViewCell.m in Sources */ = {isa = PBXBuildFile; fileRef = 9F20B9411EC4990700973A15 /* StackAreaTableViewCell.m */; };
		9F2813F01EC1E8030024E19F /* XAreaLineContainerView.m in Sources */ = {isa = PBXBuildFile; fileRef = 9F2813EF1EC1E8030024E19F /* XAreaLineContainerView.m */; };
		9F2813F31EC1F7AC0024E19F /* AreaLineTableViewCell.m in Sources */ = {isa = PBXBuildFile; fileRef = 9F2813F21EC1F7AC0024E19F /* AreaLineTableViewCell.m */; };
		9F3B2A161E797580000FB7DB /* BarChartCell.m in Sources */ = {isa = PBXBuildFile; fileRef = 9F3B2A151E797580000FB7DB /* BarChartCell.m */; };
		9F3DC7481E2E36B600C26D86 /* main.m in Sources */ = {isa = PBXBuildFile; fileRef = 9F3DC7471E2E36B600C26D86 /* main.m */; };
		9F3DC74B1E2E36B600C26D86 /* AppDelegate.m in Sources */ = {isa = PBXBuildFile; fileRef = 9F3DC74A1E2E36B600C26D86 /* AppDelegate.m */; };
		9F3DC74E1E2E36B600C26D86 /* ViewController.m in Sources */ = {isa = PBXBuildFile; fileRef = 9F3DC74D1E2E36B600C26D86 /* ViewController.m */; };
		9F3DC7511E2E36B600C26D86 /* Main.storyboard in Resources */ = {isa = PBXBuildFile; fileRef = 9F3DC74F1E2E36B600C26D86 /* Main.storyboard */; };
		9F3DC7531E2E36B600C26D86 /* Assets.xcassets in Resources */ = {isa = PBXBuildFile; fileRef = 9F3DC7521E2E36B600C26D86 /* Assets.xcassets */; };
		9F3DC7561E2E36B600C26D86 /* LaunchScreen.storyboard in Resources */ = {isa = PBXBuildFile; fileRef = 9F3DC7541E2E36B600C26D86 /* LaunchScreen.storyboard */; };
		9F3DC7611E2E36B600C26D86 /* RecordLifeTests.m in Sources */ = {isa = PBXBuildFile; fileRef = 9F3DC7601E2E36B600C26D86 /* RecordLifeTests.m */; };
		9F3DC76C1E2E36B600C26D86 /* RecordLifeUITests.m in Sources */ = {isa = PBXBuildFile; fileRef = 9F3DC76B1E2E36B600C26D86 /* RecordLifeUITests.m */; };
		9F3DC78A1E2E492B00C26D86 /* XJYIPTools.m in Sources */ = {isa = PBXBuildFile; fileRef = 9F3DC77F1E2E492B00C26D86 /* XJYIPTools.m */; };
		9F3DC78F1E2E492B00C26D86 /* XJYPopOption.m in Sources */ = {isa = PBXBuildFile; fileRef = 9F3DC7871E2E492B00C26D86 /* XJYPopOption.m */; };
		9F3DC7921E2E566500C26D86 /* XJYViewController.m in Sources */ = {isa = PBXBuildFile; fileRef = 9F3DC7911E2E566500C26D86 /* XJYViewController.m */; };
		9F3DC7951E2E569100C26D86 /* HomeViewController.m in Sources */ = {isa = PBXBuildFile; fileRef = 9F3DC7941E2E569100C26D86 /* HomeViewController.m */; };
		9F3DC7981E2E56B700C26D86 /* HomeViewControllerViewModel.m in Sources */ = {isa = PBXBuildFile; fileRef = 9F3DC7971E2E56B700C26D86 /* HomeViewControllerViewModel.m */; };
		9F3DC79B1E2E59DF00C26D86 /* XJYTableViewCell.m in Sources */ = {isa = PBXBuildFile; fileRef = 9F3DC79A1E2E59DF00C26D86 /* XJYTableViewCell.m */; };
		9F3DC7A11E2E5A4200C26D86 /* HomeOneTableViewCellViewModel.m in Sources */ = {isa = PBXBuildFile; fileRef = 9F3DC7A01E2E5A4200C26D86 /* HomeOneTableViewCellViewModel.m */; };
		9F43065F1EBDF84A00959BD8 /* XAnimation.m in Sources */ = {isa = PBXBuildFile; fileRef = 9F43065E1EBDF84A00959BD8 /* XAnimation.m */; };
		9F96A8E61EBA0DDD00BDC2C9 /* XNotificationBridge.m in Sources */ = {isa = PBXBuildFile; fileRef = 9F96A8E51EBA0DDD00BDC2C9 /* XNotificationBridge.m */; };
		9FB579031E349C9200339633 /* PieChartCell.m in Sources */ = {isa = PBXBuildFile; fileRef = 9FB579021E349C9200339633 /* PieChartCell.m */; };
		9FC59C2F1EA8B5B000257ECC /* CAShapeLayer+frameCategory.m in Sources */ = {isa = PBXBuildFile; fileRef = 9FC59C2C1EA8B5B000257ECC /* CAShapeLayer+frameCategory.m */; };
		9FC59C301EA8B5B000257ECC /* Colours.m in Sources */ = {isa = PBXBuildFile; fileRef = 9FC59C2E1EA8B5B000257ECC /* Colours.m */; };
		9FC59C331EA8B5C200257ECC /* XAnimationLabel.m in Sources */ = {isa = PBXBuildFile; fileRef = 9FC59C321EA8B5C200257ECC /* XAnimationLabel.m */; };
		9FCCC1661EA4BC3E00D54EF7 /* XPositiveNegativeBarContainerView.m in Sources */ = {isa = PBXBuildFile; fileRef = 9FCCC1651EA4BC3E00D54EF7 /* XPositiveNegativeBarContainerView.m */; };
		9FCCC19A1EA4E91E00D54EF7 /* XPositiveNegativeBarChart.m in Sources */ = {isa = PBXBuildFile; fileRef = 9FCCC1991EA4E91E00D54EF7 /* XPositiveNegativeBarChart.m */; };
		9FCCC19D1EA4E99000D54EF7 /* XPositiveNegativeBarChartView.m in Sources */ = {isa = PBXBuildFile; fileRef = 9FCCC19C1EA4E99000D54EF7 /* XPositiveNegativeBarChartView.m */; };
		9FCCC1A31EA4F11500D54EF7 /* LineChartCell.m in Sources */ = {isa = PBXBuildFile; fileRef = 9FCCC1A21EA4F11500D54EF7 /* LineChartCell.m */; };
		9FCCC1A61EA4F14800D54EF7 /* PositiveNegativeBarChartCell.m in Sources */ = {isa = PBXBuildFile; fileRef = 9FCCC1A51EA4F14800D54EF7 /* PositiveNegativeBarChartCell.m */; };
		9FE73E4D1F0D12A300D126AA /* XAnimator.m in Sources */ = {isa = PBXBuildFile; fileRef = 9FE73E4C1F0D12A300D126AA /* XAnimator.m */; };
		9FF5F7121EDEE2B7000D25EB /* CAShapeLayer+XJYLayerHelper.m in Sources */ = {isa = PBXBuildFile; fileRef = 9FF5F7111EDEE2B6000D25EB /* CAShapeLayer+XJYLayerHelper.m */; };
		F970B3AC4344FA51EEEECE0F /* libPods-RecordLife.a in Frameworks */ = {isa = PBXBuildFile; fileRef = E1506324E69DEAE7EED7CE76 /* libPods-RecordLife.a */; };
/* End PBXBuildFile section */

/* Begin PBXContainerItemProxy section */
		9F3DC75D1E2E36B600C26D86 /* PBXContainerItemProxy */ = {
			isa = PBXContainerItemProxy;
			containerPortal = 9F3DC73B1E2E36B600C26D86 /* Project object */;
			proxyType = 1;
			remoteGlobalIDString = 9F3DC7421E2E36B600C26D86;
			remoteInfo = RecordLife;
		};
		9F3DC7681E2E36B600C26D86 /* PBXContainerItemProxy */ = {
			isa = PBXContainerItemProxy;
			containerPortal = 9F3DC73B1E2E36B600C26D86 /* Project object */;
			proxyType = 1;
			remoteGlobalIDString = 9F3DC7421E2E36B600C26D86;
			remoteInfo = RecordLife;
		};
/* End PBXContainerItemProxy section */

/* Begin PBXCopyFilesBuildPhase section */
		9F1F19671E83A6D9006551F2 /* Embed Frameworks */ = {
			isa = PBXCopyFilesBuildPhase;
			buildActionMask = 2147483647;
			dstPath = "";
			dstSubfolderSpec = 10;
			files = (
			);
			name = "Embed Frameworks";
			runOnlyForDeploymentPostprocessing = 0;
		};
/* End PBXCopyFilesBuildPhase section */

/* Begin PBXFileReference section */
		268B4BE433119986366F9157 /* Pods-RecordLife.release.xcconfig */ = {isa = PBXFileReference; includeInIndex = 1; lastKnownFileType = text.xcconfig; name = "Pods-RecordLife.release.xcconfig"; path = "Pods/Target Support Files/Pods-RecordLife/Pods-RecordLife.release.xcconfig"; sourceTree = "<group>"; };
		37737D6A36A792975C04CD82 /* Pods-RecordLife.debug.xcconfig */ = {isa = PBXFileReference; includeInIndex = 1; lastKnownFileType = text.xcconfig; name = "Pods-RecordLife.debug.xcconfig"; path = "Pods/Target Support Files/Pods-RecordLife/Pods-RecordLife.debug.xcconfig"; sourceTree = "<group>"; };
		9F0369AB1EB744AA003FB013 /* XCycleView.h */ = {isa = PBXFileReference; fileEncoding = 4; lastKnownFileType = sourcecode.c.h; path = XCycleView.h; sourceTree = "<group>"; };
		9F0369AC1EB744AA003FB013 /* XCycleView.m */ = {isa = PBXFileReference; fileEncoding = 4; lastKnownFileType = sourcecode.c.objc; path = XCycleView.m; sourceTree = "<group>"; };
		9F0369AE1EB744CC003FB013 /* CycleTableViewCell.h */ = {isa = PBXFileReference; fileEncoding = 4; lastKnownFileType = sourcecode.c.h; path = CycleTableViewCell.h; sourceTree = "<group>"; };
		9F0369AF1EB744CC003FB013 /* CycleTableViewCell.m */ = {isa = PBXFileReference; fileEncoding = 4; lastKnownFileType = sourcecode.c.objc; path = CycleTableViewCell.m; sourceTree = "<group>"; };
		9F0369B01EB744CC003FB013 /* CycleTableViewCell.xib */ = {isa = PBXFileReference; fileEncoding = 4; lastKnownFileType = file.xib; path = CycleTableViewCell.xib; sourceTree = "<group>"; };
		9F0369B31EB75051003FB013 /* XJYTapCycleView.h */ = {isa = PBXFileReference; fileEncoding = 4; lastKnownFileType = sourcecode.c.h; path = XJYTapCycleView.h; sourceTree = "<group>"; };
		9F0369B41EB75051003FB013 /* XJYTapCycleView.m */ = {isa = PBXFileReference; fileEncoding = 4; lastKnownFileType = sourcecode.c.objc; path = XJYTapCycleView.m; sourceTree = "<group>"; };
		9F0369FB1EB778E9003FB013 /* BtnView.h */ = {isa = PBXFileReference; fileEncoding = 4; lastKnownFileType = sourcecode.c.h; path = BtnView.h; sourceTree = "<group>"; };
		9F0369FC1EB778E9003FB013 /* BtnView.m */ = {isa = PBXFileReference; fileEncoding = 4; lastKnownFileType = sourcecode.c.objc; path = BtnView.m; sourceTree = "<group>"; };
		9F0F821B1E9F7999009763FF /* XAbscissaView.h */ = {isa = PBXFileReference; fileEncoding = 4; lastKnownFileType = sourcecode.c.h; path = XAbscissaView.h; sourceTree = "<group>"; };
		9F0F821C1E9F7999009763FF /* XAbscissaView.m */ = {isa = PBXFileReference; fileEncoding = 4; lastKnownFileType = sourcecode.c.objc; path = XAbscissaView.m; sourceTree = "<group>"; };
		9F0F821D1E9F7999009763FF /* CALayer+XXLayer.h */ = {isa = PBXFileReference; fileEncoding = 4; lastKnownFileType = sourcecode.c.h; path = "CALayer+XXLayer.h"; sourceTree = "<group>"; };
		9F0F821E1E9F7999009763FF /* CALayer+XXLayer.m */ = {isa = PBXFileReference; fileEncoding = 4; lastKnownFileType = sourcecode.c.objc; path = "CALayer+XXLayer.m"; sourceTree = "<group>"; };
		9F0F82281E9F7999009763FF /* OrdinateView.h */ = {isa = PBXFileReference; fileEncoding = 4; lastKnownFileType = sourcecode.c.h; path = OrdinateView.h; sourceTree = "<group>"; };
		9F0F82291E9F7999009763FF /* OrdinateView.m */ = {isa = PBXFileReference; fileEncoding = 4; lastKnownFileType = sourcecode.c.objc; path = OrdinateView.m; sourceTree = "<group>"; };
		9F0F822A1E9F7999009763FF /* XRandomNumerHelper.h */ = {isa = PBXFileReference; fileEncoding = 4; lastKnownFileType = sourcecode.c.h; path = XRandomNumerHelper.h; sourceTree = "<group>"; };
		9F0F822B1E9F7999009763FF /* XRandomNumerHelper.m */ = {isa = PBXFileReference; fileEncoding = 4; lastKnownFileType = sourcecode.c.objc; path = XRandomNumerHelper.m; sourceTree = "<group>"; };
		9F0F822F1E9F7999009763FF /* XBarChartView.h */ = {isa = PBXFileReference; fileEncoding = 4; lastKnownFileType = sourcecode.c.h; path = XBarChartView.h; sourceTree = "<group>"; };
		9F0F82301E9F7999009763FF /* XBarChartView.m */ = {isa = PBXFileReference; fileEncoding = 4; lastKnownFileType = sourcecode.c.objc; path = XBarChartView.m; sourceTree = "<group>"; };
		9F0F82311E9F7999009763FF /* XBarContainerView.h */ = {isa = PBXFileReference; fileEncoding = 4; lastKnownFileType = sourcecode.c.h; path = XBarContainerView.h; sourceTree = "<group>"; };
		9F0F82321E9F7999009763FF /* XBarContainerView.m */ = {isa = PBXFileReference; fileEncoding = 4; lastKnownFileType = sourcecode.c.objc; path = XBarContainerView.m; sourceTree = "<group>"; };
		9F0F82331E9F7999009763FF /* XAuxiliaryCalculationHelper.h */ = {isa = PBXFileReference; fileEncoding = 4; lastKnownFileType = sourcecode.c.h; path = XAuxiliaryCalculationHelper.h; sourceTree = "<group>"; };
		9F0F82341E9F7999009763FF /* XAuxiliaryCalculationHelper.m */ = {isa = PBXFileReference; fileEncoding = 4; lastKnownFileType = sourcecode.c.objc; path = XAuxiliaryCalculationHelper.m; sourceTree = "<group>"; };
		9F0F82371E9F7999009763FF /* XBarItem.h */ = {isa = PBXFileReference; fileEncoding = 4; lastKnownFileType = sourcecode.c.h; path = XBarItem.h; sourceTree = "<group>"; };
		9F0F82381E9F7999009763FF /* XBarItem.m */ = {isa = PBXFileReference; fileEncoding = 4; lastKnownFileType = sourcecode.c.objc; path = XBarItem.m; sourceTree = "<group>"; };
		9F0F82391E9F7999009763FF /* XChart.h */ = {isa = PBXFileReference; fileEncoding = 4; lastKnownFileType = sourcecode.c.h; path = XChart.h; sourceTree = "<group>"; };
		9F0F823A1E9F7999009763FF /* XChartDelegate.h */ = {isa = PBXFileReference; fileEncoding = 4; lastKnownFileType = sourcecode.c.h; path = XChartDelegate.h; sourceTree = "<group>"; };
		9F0F823F1E9F7999009763FF /* XColor.h */ = {isa = PBXFileReference; fileEncoding = 4; lastKnownFileType = sourcecode.c.h; path = XColor.h; sourceTree = "<group>"; };
		9F0F82401E9F7999009763FF /* XColor.m */ = {isa = PBXFileReference; fileEncoding = 4; lastKnownFileType = sourcecode.c.objc; path = XColor.m; sourceTree = "<group>"; };
		9F0F82451E9F7999009763FF /* XPieChart.h */ = {isa = PBXFileReference; fileEncoding = 4; lastKnownFileType = sourcecode.c.h; path = XPieChart.h; sourceTree = "<group>"; };
		9F0F82461E9F7999009763FF /* XPieChart.m */ = {isa = PBXFileReference; fileEncoding = 4; lastKnownFileType = sourcecode.c.objc; path = XPieChart.m; sourceTree = "<group>"; };
		9F0F82471E9F7999009763FF /* XPieItem.h */ = {isa = PBXFileReference; fileEncoding = 4; lastKnownFileType = sourcecode.c.h; path = XPieItem.h; sourceTree = "<group>"; };
		9F0F82481E9F7999009763FF /* XPieItem.m */ = {isa = PBXFileReference; fileEncoding = 4; lastKnownFileType = sourcecode.c.objc; path = XPieItem.m; sourceTree = "<group>"; };
		9F0F824B1E9F7999009763FF /* XLineChartView.h */ = {isa = PBXFileReference; fileEncoding = 4; lastKnownFileType = sourcecode.c.h; path = XLineChartView.h; sourceTree = "<group>"; };
		9F0F824C1E9F7999009763FF /* XLineChartView.m */ = {isa = PBXFileReference; fileEncoding = 4; lastKnownFileType = sourcecode.c.objc; path = XLineChartView.m; sourceTree = "<group>"; };
		9F0F824D1E9F7999009763FF /* XLineContainerView.h */ = {isa = PBXFileReference; fileEncoding = 4; lastKnownFileType = sourcecode.c.h; path = XLineContainerView.h; sourceTree = "<group>"; };
		9F0F824E1E9F7999009763FF /* XLineContainerView.m */ = {isa = PBXFileReference; fileEncoding = 4; lastKnownFileType = sourcecode.c.objc; path = XLineContainerView.m; sourceTree = "<group>"; };
		9F0F824F1E9F7999009763FF /* XBarChart.h */ = {isa = PBXFileReference; fileEncoding = 4; lastKnownFileType = sourcecode.c.h; path = XBarChart.h; sourceTree = "<group>"; };
		9F0F82501E9F7999009763FF /* XBarChart.m */ = {isa = PBXFileReference; fileEncoding = 4; lastKnownFileType = sourcecode.c.objc; path = XBarChart.m; sourceTree = "<group>"; };
		9F0F82511E9F7999009763FF /* XEnumHeader.h */ = {isa = PBXFileReference; fileEncoding = 4; lastKnownFileType = sourcecode.c.h; path = XEnumHeader.h; sourceTree = "<group>"; };
		9F0F82521E9F7999009763FF /* XLineChart.h */ = {isa = PBXFileReference; fileEncoding = 4; lastKnownFileType = sourcecode.c.h; path = XLineChart.h; sourceTree = "<group>"; };
		9F0F82531E9F7999009763FF /* XLineChart.m */ = {isa = PBXFileReference; fileEncoding = 4; lastKnownFileType = sourcecode.c.objc; path = XLineChart.m; sourceTree = "<group>"; };
		9F0F82541E9F7999009763FF /* XLineChartItem.h */ = {isa = PBXFileReference; fileEncoding = 4; lastKnownFileType = sourcecode.c.h; path = XLineChartItem.h; sourceTree = "<group>"; };
		9F0F82551E9F7999009763FF /* XLineChartItem.m */ = {isa = PBXFileReference; fileEncoding = 4; lastKnownFileType = sourcecode.c.objc; path = XLineChartItem.m; sourceTree = "<group>"; };
		9F146A0A1F0A322C002B966B /* XShape.h */ = {isa = PBXFileReference; fileEncoding = 4; lastKnownFileType = sourcecode.c.h; path = XShape.h; sourceTree = "<group>"; };
		9F146A0B1F0A322C002B966B /* XShape.m */ = {isa = PBXFileReference; fileEncoding = 4; lastKnownFileType = sourcecode.c.objc; path = XShape.m; sourceTree = "<group>"; };
		9F20B9371EC444CA00973A15 /* UIGestureRecognizer+XXGes.h */ = {isa = PBXFileReference; fileEncoding = 4; lastKnownFileType = sourcecode.c.h; path = "UIGestureRecognizer+XXGes.h"; sourceTree = "<group>"; };
		9F20B9381EC444CA00973A15 /* UIGestureRecognizer+XXGes.m */ = {isa = PBXFileReference; fileEncoding = 4; lastKnownFileType = sourcecode.c.objc; path = "UIGestureRecognizer+XXGes.m"; sourceTree = "<group>"; };
		9F20B93D1EC47CAB00973A15 /* XStackAreaLineContainerView.h */ = {isa = PBXFileReference; fileEncoding = 4; lastKnownFileType = sourcecode.c.h; path = XStackAreaLineContainerView.h; sourceTree = "<group>"; };
		9F20B93E1EC47CAB00973A15 /* XStackAreaLineContainerView.m */ = {isa = PBXFileReference; fileEncoding = 4; lastKnownFileType = sourcecode.c.objc; path = XStackAreaLineContainerView.m; sourceTree = "<group>"; };
		9F20B9401EC4990700973A15 /* StackAreaTableViewCell.h */ = {isa = PBXFileReference; fileEncoding = 4; lastKnownFileType = sourcecode.c.h; path = StackAreaTableViewCell.h; sourceTree = "<group>"; };
		9F20B9411EC4990700973A15 /* StackAreaTableViewCell.m */ = {isa = PBXFileReference; fileEncoding = 4; lastKnownFileType = sourcecode.c.objc; path = StackAreaTableViewCell.m; sourceTree = "<group>"; };
		9F2813EE1EC1E8030024E19F /* XAreaLineContainerView.h */ = {isa = PBXFileReference; fileEncoding = 4; lastKnownFileType = sourcecode.c.h; path = XAreaLineContainerView.h; sourceTree = "<group>"; };
		9F2813EF1EC1E8030024E19F /* XAreaLineContainerView.m */ = {isa = PBXFileReference; fileEncoding = 4; lastKnownFileType = sourcecode.c.objc; path = XAreaLineContainerView.m; sourceTree = "<group>"; };
		9F2813F11EC1F7AC0024E19F /* AreaLineTableViewCell.h */ = {isa = PBXFileReference; fileEncoding = 4; lastKnownFileType = sourcecode.c.h; path = AreaLineTableViewCell.h; sourceTree = "<group>"; };
		9F2813F21EC1F7AC0024E19F /* AreaLineTableViewCell.m */ = {isa = PBXFileReference; fileEncoding = 4; lastKnownFileType = sourcecode.c.objc; path = AreaLineTableViewCell.m; sourceTree = "<group>"; };
		9F3B2A141E797580000FB7DB /* BarChartCell.h */ = {isa = PBXFileReference; fileEncoding = 4; lastKnownFileType = sourcecode.c.h; path = BarChartCell.h; sourceTree = "<group>"; };
		9F3B2A151E797580000FB7DB /* BarChartCell.m */ = {isa = PBXFileReference; fileEncoding = 4; lastKnownFileType = sourcecode.c.objc; path = BarChartCell.m; sourceTree = "<group>"; };
		9F3DC7431E2E36B600C26D86 /* RecordLife.app */ = {isa = PBXFileReference; explicitFileType = wrapper.application; includeInIndex = 0; path = RecordLife.app; sourceTree = BUILT_PRODUCTS_DIR; };
		9F3DC7471E2E36B600C26D86 /* main.m */ = {isa = PBXFileReference; lastKnownFileType = sourcecode.c.objc; path = main.m; sourceTree = "<group>"; };
		9F3DC7491E2E36B600C26D86 /* AppDelegate.h */ = {isa = PBXFileReference; lastKnownFileType = sourcecode.c.h; path = AppDelegate.h; sourceTree = "<group>"; };
		9F3DC74A1E2E36B600C26D86 /* AppDelegate.m */ = {isa = PBXFileReference; lastKnownFileType = sourcecode.c.objc; path = AppDelegate.m; sourceTree = "<group>"; };
		9F3DC74C1E2E36B600C26D86 /* ViewController.h */ = {isa = PBXFileReference; lastKnownFileType = sourcecode.c.h; path = ViewController.h; sourceTree = "<group>"; };
		9F3DC74D1E2E36B600C26D86 /* ViewController.m */ = {isa = PBXFileReference; lastKnownFileType = sourcecode.c.objc; path = ViewController.m; sourceTree = "<group>"; };
		9F3DC7501E2E36B600C26D86 /* Base */ = {isa = PBXFileReference; lastKnownFileType = file.storyboard; name = Base; path = Base.lproj/Main.storyboard; sourceTree = "<group>"; };
		9F3DC7521E2E36B600C26D86 /* Assets.xcassets */ = {isa = PBXFileReference; lastKnownFileType = folder.assetcatalog; path = Assets.xcassets; sourceTree = "<group>"; };
		9F3DC7551E2E36B600C26D86 /* Base */ = {isa = PBXFileReference; lastKnownFileType = file.storyboard; name = Base; path = Base.lproj/LaunchScreen.storyboard; sourceTree = "<group>"; };
		9F3DC7571E2E36B600C26D86 /* Info.plist */ = {isa = PBXFileReference; lastKnownFileType = text.plist.xml; path = Info.plist; sourceTree = "<group>"; };
		9F3DC75C1E2E36B600C26D86 /* RecordLifeTests.xctest */ = {isa = PBXFileReference; explicitFileType = wrapper.cfbundle; includeInIndex = 0; path = RecordLifeTests.xctest; sourceTree = BUILT_PRODUCTS_DIR; };
		9F3DC7601E2E36B600C26D86 /* RecordLifeTests.m */ = {isa = PBXFileReference; lastKnownFileType = sourcecode.c.objc; path = RecordLifeTests.m; sourceTree = "<group>"; };
		9F3DC7621E2E36B600C26D86 /* Info.plist */ = {isa = PBXFileReference; lastKnownFileType = text.plist.xml; path = Info.plist; sourceTree = "<group>"; };
		9F3DC7671E2E36B600C26D86 /* RecordLifeUITests.xctest */ = {isa = PBXFileReference; explicitFileType = wrapper.cfbundle; includeInIndex = 0; path = RecordLifeUITests.xctest; sourceTree = BUILT_PRODUCTS_DIR; };
		9F3DC76B1E2E36B600C26D86 /* RecordLifeUITests.m */ = {isa = PBXFileReference; lastKnownFileType = sourcecode.c.objc; path = RecordLifeUITests.m; sourceTree = "<group>"; };
		9F3DC76D1E2E36B600C26D86 /* Info.plist */ = {isa = PBXFileReference; lastKnownFileType = text.plist.xml; path = Info.plist; sourceTree = "<group>"; };
		9F3DC77E1E2E492B00C26D86 /* XJYIPTools.h */ = {isa = PBXFileReference; fileEncoding = 4; lastKnownFileType = sourcecode.c.h; path = XJYIPTools.h; sourceTree = "<group>"; };
		9F3DC77F1E2E492B00C26D86 /* XJYIPTools.m */ = {isa = PBXFileReference; fileEncoding = 4; lastKnownFileType = sourcecode.c.objc; path = XJYIPTools.m; sourceTree = "<group>"; };
		9F3DC7861E2E492B00C26D86 /* XJYPopOption.h */ = {isa = PBXFileReference; fileEncoding = 4; lastKnownFileType = sourcecode.c.h; path = XJYPopOption.h; sourceTree = "<group>"; };
		9F3DC7871E2E492B00C26D86 /* XJYPopOption.m */ = {isa = PBXFileReference; fileEncoding = 4; lastKnownFileType = sourcecode.c.objc; path = XJYPopOption.m; sourceTree = "<group>"; };
		9F3DC7901E2E566500C26D86 /* XJYViewController.h */ = {isa = PBXFileReference; fileEncoding = 4; lastKnownFileType = sourcecode.c.h; path = XJYViewController.h; sourceTree = "<group>"; };
		9F3DC7911E2E566500C26D86 /* XJYViewController.m */ = {isa = PBXFileReference; fileEncoding = 4; lastKnownFileType = sourcecode.c.objc; path = XJYViewController.m; sourceTree = "<group>"; };
		9F3DC7931E2E569100C26D86 /* HomeViewController.h */ = {isa = PBXFileReference; fileEncoding = 4; lastKnownFileType = sourcecode.c.h; path = HomeViewController.h; sourceTree = "<group>"; };
		9F3DC7941E2E569100C26D86 /* HomeViewController.m */ = {isa = PBXFileReference; fileEncoding = 4; lastKnownFileType = sourcecode.c.objc; path = HomeViewController.m; sourceTree = "<group>"; };
		9F3DC7961E2E56B700C26D86 /* HomeViewControllerViewModel.h */ = {isa = PBXFileReference; fileEncoding = 4; lastKnownFileType = sourcecode.c.h; path = HomeViewControllerViewModel.h; sourceTree = "<group>"; };
		9F3DC7971E2E56B700C26D86 /* HomeViewControllerViewModel.m */ = {isa = PBXFileReference; fileEncoding = 4; lastKnownFileType = sourcecode.c.objc; path = HomeViewControllerViewModel.m; sourceTree = "<group>"; };
		9F3DC7991E2E59DF00C26D86 /* XJYTableViewCell.h */ = {isa = PBXFileReference; fileEncoding = 4; lastKnownFileType = sourcecode.c.h; path = XJYTableViewCell.h; sourceTree = "<group>"; };
		9F3DC79A1E2E59DF00C26D86 /* XJYTableViewCell.m */ = {isa = PBXFileReference; fileEncoding = 4; lastKnownFileType = sourcecode.c.objc; path = XJYTableViewCell.m; sourceTree = "<group>"; };
		9F3DC79F1E2E5A4200C26D86 /* HomeOneTableViewCellViewModel.h */ = {isa = PBXFileReference; fileEncoding = 4; lastKnownFileType = sourcecode.c.h; path = HomeOneTableViewCellViewModel.h; sourceTree = "<group>"; };
		9F3DC7A01E2E5A4200C26D86 /* HomeOneTableViewCellViewModel.m */ = {isa = PBXFileReference; fileEncoding = 4; lastKnownFileType = sourcecode.c.objc; path = HomeOneTableViewCellViewModel.m; sourceTree = "<group>"; };
		9F43065D1EBDF84A00959BD8 /* XAnimation.h */ = {isa = PBXFileReference; fileEncoding = 4; lastKnownFileType = sourcecode.c.h; path = XAnimation.h; sourceTree = "<group>"; };
		9F43065E1EBDF84A00959BD8 /* XAnimation.m */ = {isa = PBXFileReference; fileEncoding = 4; lastKnownFileType = sourcecode.c.objc; path = XAnimation.m; sourceTree = "<group>"; };
		9F734DDC1EBF669B002ABF14 /* RecordLife-Bridging-Header.h */ = {isa = PBXFileReference; lastKnownFileType = sourcecode.c.h; path = "RecordLife-Bridging-Header.h"; sourceTree = "<group>"; };
		9F96A8E41EBA0DDD00BDC2C9 /* XNotificationBridge.h */ = {isa = PBXFileReference; fileEncoding = 4; lastKnownFileType = sourcecode.c.h; path = XNotificationBridge.h; sourceTree = "<group>"; };
		9F96A8E51EBA0DDD00BDC2C9 /* XNotificationBridge.m */ = {isa = PBXFileReference; fileEncoding = 4; lastKnownFileType = sourcecode.c.objc; path = XNotificationBridge.m; sourceTree = "<group>"; };
		9FB579011E349C9200339633 /* PieChartCell.h */ = {isa = PBXFileReference; fileEncoding = 4; lastKnownFileType = sourcecode.c.h; path = PieChartCell.h; sourceTree = "<group>"; };
		9FB579021E349C9200339633 /* PieChartCell.m */ = {isa = PBXFileReference; fileEncoding = 4; lastKnownFileType = sourcecode.c.objc; path = PieChartCell.m; sourceTree = "<group>"; };
		9FC59C2B1EA8B5B000257ECC /* CAShapeLayer+frameCategory.h */ = {isa = PBXFileReference; fileEncoding = 4; lastKnownFileType = sourcecode.c.h; path = "CAShapeLayer+frameCategory.h"; sourceTree = "<group>"; };
		9FC59C2C1EA8B5B000257ECC /* CAShapeLayer+frameCategory.m */ = {isa = PBXFileReference; fileEncoding = 4; lastKnownFileType = sourcecode.c.objc; path = "CAShapeLayer+frameCategory.m"; sourceTree = "<group>"; };
		9FC59C2D1EA8B5B000257ECC /* Colours.h */ = {isa = PBXFileReference; fileEncoding = 4; lastKnownFileType = sourcecode.c.h; path = Colours.h; sourceTree = "<group>"; };
		9FC59C2E1EA8B5B000257ECC /* Colours.m */ = {isa = PBXFileReference; fileEncoding = 4; lastKnownFileType = sourcecode.c.objc; path = Colours.m; sourceTree = "<group>"; };
		9FC59C311EA8B5C200257ECC /* XAnimationLabel.h */ = {isa = PBXFileReference; fileEncoding = 4; lastKnownFileType = sourcecode.c.h; path = XAnimationLabel.h; sourceTree = "<group>"; };
		9FC59C321EA8B5C200257ECC /* XAnimationLabel.m */ = {isa = PBXFileReference; fileEncoding = 4; lastKnownFileType = sourcecode.c.objc; path = XAnimationLabel.m; sourceTree = "<group>"; };
		9FCCC1641EA4BC3E00D54EF7 /* XPositiveNegativeBarContainerView.h */ = {isa = PBXFileReference; fileEncoding = 4; lastKnownFileType = sourcecode.c.h; path = XPositiveNegativeBarContainerView.h; sourceTree = "<group>"; };
		9FCCC1651EA4BC3E00D54EF7 /* XPositiveNegativeBarContainerView.m */ = {isa = PBXFileReference; fileEncoding = 4; lastKnownFileType = sourcecode.c.objc; path = XPositiveNegativeBarContainerView.m; sourceTree = "<group>"; };
		9FCCC1981EA4E91E00D54EF7 /* XPositiveNegativeBarChart.h */ = {isa = PBXFileReference; fileEncoding = 4; lastKnownFileType = sourcecode.c.h; path = XPositiveNegativeBarChart.h; sourceTree = "<group>"; };
		9FCCC1991EA4E91E00D54EF7 /* XPositiveNegativeBarChart.m */ = {isa = PBXFileReference; fileEncoding = 4; lastKnownFileType = sourcecode.c.objc; path = XPositiveNegativeBarChart.m; sourceTree = "<group>"; };
		9FCCC19B1EA4E99000D54EF7 /* XPositiveNegativeBarChartView.h */ = {isa = PBXFileReference; fileEncoding = 4; lastKnownFileType = sourcecode.c.h; path = XPositiveNegativeBarChartView.h; sourceTree = "<group>"; };
		9FCCC19C1EA4E99000D54EF7 /* XPositiveNegativeBarChartView.m */ = {isa = PBXFileReference; fileEncoding = 4; lastKnownFileType = sourcecode.c.objc; path = XPositiveNegativeBarChartView.m; sourceTree = "<group>"; };
		9FCCC1A11EA4F11500D54EF7 /* LineChartCell.h */ = {isa = PBXFileReference; fileEncoding = 4; lastKnownFileType = sourcecode.c.h; path = LineChartCell.h; sourceTree = "<group>"; };
		9FCCC1A21EA4F11500D54EF7 /* LineChartCell.m */ = {isa = PBXFileReference; fileEncoding = 4; lastKnownFileType = sourcecode.c.objc; path = LineChartCell.m; sourceTree = "<group>"; };
		9FCCC1A41EA4F14800D54EF7 /* PositiveNegativeBarChartCell.h */ = {isa = PBXFileReference; fileEncoding = 4; lastKnownFileType = sourcecode.c.h; path = PositiveNegativeBarChartCell.h; sourceTree = "<group>"; };
		9FCCC1A51EA4F14800D54EF7 /* PositiveNegativeBarChartCell.m */ = {isa = PBXFileReference; fileEncoding = 4; lastKnownFileType = sourcecode.c.objc; path = PositiveNegativeBarChartCell.m; sourceTree = "<group>"; };
		9FE73E4B1F0D12A300D126AA /* XAnimator.h */ = {isa = PBXFileReference; fileEncoding = 4; lastKnownFileType = sourcecode.c.h; path = XAnimator.h; sourceTree = "<group>"; };
		9FE73E4C1F0D12A300D126AA /* XAnimator.m */ = {isa = PBXFileReference; fileEncoding = 4; lastKnownFileType = sourcecode.c.objc; path = XAnimator.m; sourceTree = "<group>"; };
		9FF5F7101EDEE2B6000D25EB /* CAShapeLayer+XJYLayerHelper.h */ = {isa = PBXFileReference; fileEncoding = 4; lastKnownFileType = sourcecode.c.h; path = "CAShapeLayer+XJYLayerHelper.h"; sourceTree = "<group>"; };
		9FF5F7111EDEE2B6000D25EB /* CAShapeLayer+XJYLayerHelper.m */ = {isa = PBXFileReference; fileEncoding = 4; lastKnownFileType = sourcecode.c.objc; path = "CAShapeLayer+XJYLayerHelper.m"; sourceTree = "<group>"; };
		E1506324E69DEAE7EED7CE76 /* libPods-RecordLife.a */ = {isa = PBXFileReference; explicitFileType = archive.ar; includeInIndex = 0; path = "libPods-RecordLife.a"; sourceTree = BUILT_PRODUCTS_DIR; };
/* End PBXFileReference section */

/* Begin PBXFrameworksBuildPhase section */
		9F3DC7401E2E36B600C26D86 /* Frameworks */ = {
			isa = PBXFrameworksBuildPhase;
			buildActionMask = 2147483647;
			files = (
				F970B3AC4344FA51EEEECE0F /* libPods-RecordLife.a in Frameworks */,
			);
			runOnlyForDeploymentPostprocessing = 0;
		};
		9F3DC7591E2E36B600C26D86 /* Frameworks */ = {
			isa = PBXFrameworksBuildPhase;
			buildActionMask = 2147483647;
			files = (
			);
			runOnlyForDeploymentPostprocessing = 0;
		};
		9F3DC7641E2E36B600C26D86 /* Frameworks */ = {
			isa = PBXFrameworksBuildPhase;
			buildActionMask = 2147483647;
			files = (
			);
			runOnlyForDeploymentPostprocessing = 0;
		};
/* End PBXFrameworksBuildPhase section */

/* Begin PBXGroup section */
		418BB01D6FA134C9D0D67B75 /* Frameworks */ = {
			isa = PBXGroup;
			children = (
				E1506324E69DEAE7EED7CE76 /* libPods-RecordLife.a */,
			);
			name = Frameworks;
			sourceTree = "<group>";
		};
		9ECE5A8FCF197E983022D694 /* Pods */ = {
			isa = PBXGroup;
			children = (
				37737D6A36A792975C04CD82 /* Pods-RecordLife.debug.xcconfig */,
				268B4BE433119986366F9157 /* Pods-RecordLife.release.xcconfig */,
			);
			name = Pods;
			sourceTree = "<group>";
		};
		9F0F821A1E9F7999009763FF /* XJYChart */ = {
			isa = PBXGroup;
			children = (
				9FC59C2B1EA8B5B000257ECC /* CAShapeLayer+frameCategory.h */,
				9FC59C2C1EA8B5B000257ECC /* CAShapeLayer+frameCategory.m */,
				9FF5F7101EDEE2B6000D25EB /* CAShapeLayer+XJYLayerHelper.h */,
				9FF5F7111EDEE2B6000D25EB /* CAShapeLayer+XJYLayerHelper.m */,
				9F0F82521E9F7999009763FF /* XLineChart.h */,
				9F0F82531E9F7999009763FF /* XLineChart.m */,
				9F0F824B1E9F7999009763FF /* XLineChartView.h */,
				9F0F824C1E9F7999009763FF /* XLineChartView.m */,
				9F0F824D1E9F7999009763FF /* XLineContainerView.h */,
				9F0F824E1E9F7999009763FF /* XLineContainerView.m */,
				9F2813EE1EC1E8030024E19F /* XAreaLineContainerView.h */,
				9F2813EF1EC1E8030024E19F /* XAreaLineContainerView.m */,
				9F20B93D1EC47CAB00973A15 /* XStackAreaLineContainerView.h */,
				9F20B93E1EC47CAB00973A15 /* XStackAreaLineContainerView.m */,
				9F0F82541E9F7999009763FF /* XLineChartItem.h */,
				9F0F82551E9F7999009763FF /* XLineChartItem.m */,
				9FCCC1981EA4E91E00D54EF7 /* XPositiveNegativeBarChart.h */,
				9FCCC1991EA4E91E00D54EF7 /* XPositiveNegativeBarChart.m */,
				9FCCC19B1EA4E99000D54EF7 /* XPositiveNegativeBarChartView.h */,
				9FCCC19C1EA4E99000D54EF7 /* XPositiveNegativeBarChartView.m */,
				9FCCC1641EA4BC3E00D54EF7 /* XPositiveNegativeBarContainerView.h */,
				9FCCC1651EA4BC3E00D54EF7 /* XPositiveNegativeBarContainerView.m */,
				9F0369AB1EB744AA003FB013 /* XCycleView.h */,
				9F0369AC1EB744AA003FB013 /* XCycleView.m */,
				9F0F82451E9F7999009763FF /* XPieChart.h */,
				9F0F82461E9F7999009763FF /* XPieChart.m */,
				9FC59C311EA8B5C200257ECC /* XAnimationLabel.h */,
				9FC59C321EA8B5C200257ECC /* XAnimationLabel.m */,
				9FC59C2D1EA8B5B000257ECC /* Colours.h */,
				9FC59C2E1EA8B5B000257ECC /* Colours.m */,
				9F0F821B1E9F7999009763FF /* XAbscissaView.h */,
				9F0F821C1E9F7999009763FF /* XAbscissaView.m */,
				9F0F821D1E9F7999009763FF /* CALayer+XXLayer.h */,
				9F0F821E1E9F7999009763FF /* CALayer+XXLayer.m */,
				9F20B9371EC444CA00973A15 /* UIGestureRecognizer+XXGes.h */,
				9F20B9381EC444CA00973A15 /* UIGestureRecognizer+XXGes.m */,
				9F0F82281E9F7999009763FF /* OrdinateView.h */,
				9F0F82291E9F7999009763FF /* OrdinateView.m */,
				9F0F822A1E9F7999009763FF /* XRandomNumerHelper.h */,
				9F0F822B1E9F7999009763FF /* XRandomNumerHelper.m */,
				9F0F82331E9F7999009763FF /* XAuxiliaryCalculationHelper.h */,
				9F0F82341E9F7999009763FF /* XAuxiliaryCalculationHelper.m */,
				9F0F82371E9F7999009763FF /* XBarItem.h */,
				9F0F82381E9F7999009763FF /* XBarItem.m */,
				9F0F82391E9F7999009763FF /* XChart.h */,
				9F0F823A1E9F7999009763FF /* XChartDelegate.h */,
				9F0F823F1E9F7999009763FF /* XColor.h */,
				9F0F82401E9F7999009763FF /* XColor.m */,
				9F0F82471E9F7999009763FF /* XPieItem.h */,
				9F0F82481E9F7999009763FF /* XPieItem.m */,
				9F0F824F1E9F7999009763FF /* XBarChart.h */,
				9F0F82501E9F7999009763FF /* XBarChart.m */,
				9F0F822F1E9F7999009763FF /* XBarChartView.h */,
				9F0F82301E9F7999009763FF /* XBarChartView.m */,
				9F0F82311E9F7999009763FF /* XBarContainerView.h */,
				9F0F82321E9F7999009763FF /* XBarContainerView.m */,
				9F0F82511E9F7999009763FF /* XEnumHeader.h */,
				9F96A8E41EBA0DDD00BDC2C9 /* XNotificationBridge.h */,
				9F96A8E51EBA0DDD00BDC2C9 /* XNotificationBridge.m */,
				9F43065D1EBDF84A00959BD8 /* XAnimation.h */,
				9F43065E1EBDF84A00959BD8 /* XAnimation.m */,
				9F146A0A1F0A322C002B966B /* XShape.h */,
				9F146A0B1F0A322C002B966B /* XShape.m */,
				9FE73E4B1F0D12A300D126AA /* XAnimator.h */,
				9FE73E4C1F0D12A300D126AA /* XAnimator.m */,
			);
			path = XJYChart;
			sourceTree = "<group>";
		};
		9F3DC73A1E2E36B600C26D86 = {
			isa = PBXGroup;
			children = (
				9F734DDC1EBF669B002ABF14 /* RecordLife-Bridging-Header.h */,
				9F3DC7451E2E36B600C26D86 /* RecordLife */,
				9F3DC75F1E2E36B600C26D86 /* RecordLifeTests */,
				9F3DC76A1E2E36B600C26D86 /* RecordLifeUITests */,
				9F3DC7441E2E36B600C26D86 /* Products */,
				9ECE5A8FCF197E983022D694 /* Pods */,
				418BB01D6FA134C9D0D67B75 /* Frameworks */,
			);
			sourceTree = "<group>";
		};
		9F3DC7441E2E36B600C26D86 /* Products */ = {
			isa = PBXGroup;
			children = (
				9F3DC7431E2E36B600C26D86 /* RecordLife.app */,
				9F3DC75C1E2E36B600C26D86 /* RecordLifeTests.xctest */,
				9F3DC7671E2E36B600C26D86 /* RecordLifeUITests.xctest */,
			);
			name = Products;
			sourceTree = "<group>";
		};
		9F3DC7451E2E36B600C26D86 /* RecordLife */ = {
			isa = PBXGroup;
			children = (
				9F3DC77A1E2E492B00C26D86 /* Classes */,
				9F3DC7491E2E36B600C26D86 /* AppDelegate.h */,
				9F3DC74A1E2E36B600C26D86 /* AppDelegate.m */,
				9F3DC74C1E2E36B600C26D86 /* ViewController.h */,
				9F3DC74D1E2E36B600C26D86 /* ViewController.m */,
				9F3DC74F1E2E36B600C26D86 /* Main.storyboard */,
				9F3DC7521E2E36B600C26D86 /* Assets.xcassets */,
				9F3DC7541E2E36B600C26D86 /* LaunchScreen.storyboard */,
				9F3DC7571E2E36B600C26D86 /* Info.plist */,
				9F3DC7461E2E36B600C26D86 /* Supporting Files */,
			);
			path = RecordLife;
			sourceTree = "<group>";
		};
		9F3DC7461E2E36B600C26D86 /* Supporting Files */ = {
			isa = PBXGroup;
			children = (
				9F3DC7471E2E36B600C26D86 /* main.m */,
			);
			name = "Supporting Files";
			sourceTree = "<group>";
		};
		9F3DC75F1E2E36B600C26D86 /* RecordLifeTests */ = {
			isa = PBXGroup;
			children = (
				9F3DC7601E2E36B600C26D86 /* RecordLifeTests.m */,
				9F3DC7621E2E36B600C26D86 /* Info.plist */,
			);
			path = RecordLifeTests;
			sourceTree = "<group>";
		};
		9F3DC76A1E2E36B600C26D86 /* RecordLifeUITests */ = {
			isa = PBXGroup;
			children = (
				9F3DC76B1E2E36B600C26D86 /* RecordLifeUITests.m */,
				9F3DC76D1E2E36B600C26D86 /* Info.plist */,
			);
			path = RecordLifeUITests;
			sourceTree = "<group>";
		};
		9F3DC77A1E2E492B00C26D86 /* Classes */ = {
			isa = PBXGroup;
			children = (
				9F3DC77C1E2E492B00C26D86 /* Vender */,
				9F3DC77B1E2E492B00C26D86 /* Model */,
				9F3DC7881E2E492B00C26D86 /* View */,
				9F3DC7891E2E492B00C26D86 /* ViewModel */,
			);
			path = Classes;
			sourceTree = "<group>";
		};
		9F3DC77B1E2E492B00C26D86 /* Model */ = {
			isa = PBXGroup;
			children = (
			);
			path = Model;
			sourceTree = "<group>";
		};
		9F3DC77C1E2E492B00C26D86 /* Vender */ = {
			isa = PBXGroup;
			children = (
				9F0F821A1E9F7999009763FF /* XJYChart */,
				9FACB8E81E2F4C1600CD5D05 /* XJYRespondCocoa */,
				9F3DC77D1E2E492B00C26D86 /* XJYHttpTools */,
				9F3DC7851E2E492B00C26D86 /* XJYPopView */,
			);
			path = Vender;
			sourceTree = "<group>";
		};
		9F3DC77D1E2E492B00C26D86 /* XJYHttpTools */ = {
			isa = PBXGroup;
			children = (
				9F3DC77E1E2E492B00C26D86 /* XJYIPTools.h */,
				9F3DC77F1E2E492B00C26D86 /* XJYIPTools.m */,
			);
			path = XJYHttpTools;
			sourceTree = "<group>";
		};
		9F3DC7851E2E492B00C26D86 /* XJYPopView */ = {
			isa = PBXGroup;
			children = (
				9F3DC7861E2E492B00C26D86 /* XJYPopOption.h */,
				9F3DC7871E2E492B00C26D86 /* XJYPopOption.m */,
			);
			path = XJYPopView;
			sourceTree = "<group>";
		};
		9F3DC7881E2E492B00C26D86 /* View */ = {
			isa = PBXGroup;
			children = (
				9F3DC7991E2E59DF00C26D86 /* XJYTableViewCell.h */,
				9F3DC79A1E2E59DF00C26D86 /* XJYTableViewCell.m */,
				9F3DC7901E2E566500C26D86 /* XJYViewController.h */,
				9F3DC7911E2E566500C26D86 /* XJYViewController.m */,
				9F3DC7931E2E569100C26D86 /* HomeViewController.h */,
				9F3DC7941E2E569100C26D86 /* HomeViewController.m */,
				9FB579011E349C9200339633 /* PieChartCell.h */,
				9FB579021E349C9200339633 /* PieChartCell.m */,
				9F3B2A141E797580000FB7DB /* BarChartCell.h */,
				9F3B2A151E797580000FB7DB /* BarChartCell.m */,
				9FCCC1A11EA4F11500D54EF7 /* LineChartCell.h */,
				9FCCC1A21EA4F11500D54EF7 /* LineChartCell.m */,
				9FCCC1A41EA4F14800D54EF7 /* PositiveNegativeBarChartCell.h */,
				9FCCC1A51EA4F14800D54EF7 /* PositiveNegativeBarChartCell.m */,
				9F0369AE1EB744CC003FB013 /* CycleTableViewCell.h */,
				9F0369AF1EB744CC003FB013 /* CycleTableViewCell.m */,
				9F0369B01EB744CC003FB013 /* CycleTableViewCell.xib */,
				9F2813F11EC1F7AC0024E19F /* AreaLineTableViewCell.h */,
				9F2813F21EC1F7AC0024E19F /* AreaLineTableViewCell.m */,
				9F20B9401EC4990700973A15 /* StackAreaTableViewCell.h */,
				9F20B9411EC4990700973A15 /* StackAreaTableViewCell.m */,
				9F0369B31EB75051003FB013 /* XJYTapCycleView.h */,
				9F0369B41EB75051003FB013 /* XJYTapCycleView.m */,
				9F0369FB1EB778E9003FB013 /* BtnView.h */,
				9F0369FC1EB778E9003FB013 /* BtnView.m */,
			);
			path = View;
			sourceTree = "<group>";
		};
		9F3DC7891E2E492B00C26D86 /* ViewModel */ = {
			isa = PBXGroup;
			children = (
				9F3DC7961E2E56B700C26D86 /* HomeViewControllerViewModel.h */,
				9F3DC7971E2E56B700C26D86 /* HomeViewControllerViewModel.m */,
				9F3DC79F1E2E5A4200C26D86 /* HomeOneTableViewCellViewModel.h */,
				9F3DC7A01E2E5A4200C26D86 /* HomeOneTableViewCellViewModel.m */,
			);
			path = ViewModel;
			sourceTree = "<group>";
		};
		9FACB8E81E2F4C1600CD5D05 /* XJYRespondCocoa */ = {
			isa = PBXGroup;
			children = (
			);
			path = XJYRespondCocoa;
			sourceTree = "<group>";
		};
/* End PBXGroup section */

/* Begin PBXNativeTarget section */
		9F3DC7421E2E36B600C26D86 /* RecordLife */ = {
			isa = PBXNativeTarget;
			buildConfigurationList = 9F3DC7701E2E36B600C26D86 /* Build configuration list for PBXNativeTarget "RecordLife" */;
			buildPhases = (
				58D2AC4287959262E5CFBB4B /* [CP] Check Pods Manifest.lock */,
				9F3DC73F1E2E36B600C26D86 /* Sources */,
				9F3DC7401E2E36B600C26D86 /* Frameworks */,
				9F3DC7411E2E36B600C26D86 /* Resources */,
				90E37BAFEB899BA0DC97063D /* [CP] Embed Pods Frameworks */,
				D3C93186D3D6B7A5C4DC0712 /* [CP] Copy Pods Resources */,
				9F1F19671E83A6D9006551F2 /* Embed Frameworks */,
			);
			buildRules = (
			);
			dependencies = (
			);
			name = RecordLife;
			productName = RecordLife;
			productReference = 9F3DC7431E2E36B600C26D86 /* RecordLife.app */;
			productType = "com.apple.product-type.application";
		};
		9F3DC75B1E2E36B600C26D86 /* RecordLifeTests */ = {
			isa = PBXNativeTarget;
			buildConfigurationList = 9F3DC7731E2E36B600C26D86 /* Build configuration list for PBXNativeTarget "RecordLifeTests" */;
			buildPhases = (
				9F3DC7581E2E36B600C26D86 /* Sources */,
				9F3DC7591E2E36B600C26D86 /* Frameworks */,
				9F3DC75A1E2E36B600C26D86 /* Resources */,
			);
			buildRules = (
			);
			dependencies = (
				9F3DC75E1E2E36B600C26D86 /* PBXTargetDependency */,
			);
			name = RecordLifeTests;
			productName = RecordLifeTests;
			productReference = 9F3DC75C1E2E36B600C26D86 /* RecordLifeTests.xctest */;
			productType = "com.apple.product-type.bundle.unit-test";
		};
		9F3DC7661E2E36B600C26D86 /* RecordLifeUITests */ = {
			isa = PBXNativeTarget;
			buildConfigurationList = 9F3DC7761E2E36B600C26D86 /* Build configuration list for PBXNativeTarget "RecordLifeUITests" */;
			buildPhases = (
				9F3DC7631E2E36B600C26D86 /* Sources */,
				9F3DC7641E2E36B600C26D86 /* Frameworks */,
				9F3DC7651E2E36B600C26D86 /* Resources */,
			);
			buildRules = (
			);
			dependencies = (
				9F3DC7691E2E36B600C26D86 /* PBXTargetDependency */,
			);
			name = RecordLifeUITests;
			productName = RecordLifeUITests;
			productReference = 9F3DC7671E2E36B600C26D86 /* RecordLifeUITests.xctest */;
			productType = "com.apple.product-type.bundle.ui-testing";
		};
/* End PBXNativeTarget section */

/* Begin PBXProject section */
		9F3DC73B1E2E36B600C26D86 /* Project object */ = {
			isa = PBXProject;
			attributes = {
				LastUpgradeCheck = 0810;
				ORGANIZATIONNAME = "谢俊逸";
				TargetAttributes = {
					9F3DC7421E2E36B600C26D86 = {
						CreatedOnToolsVersion = 8.1;
						DevelopmentTeam = XRA6FP4984;
						LastSwiftMigration = 0830;
						ProvisioningStyle = Automatic;
					};
					9F3DC75B1E2E36B600C26D86 = {
						CreatedOnToolsVersion = 8.1;
						DevelopmentTeam = XRA6FP4984;
						ProvisioningStyle = Automatic;
						TestTargetID = 9F3DC7421E2E36B600C26D86;
					};
					9F3DC7661E2E36B600C26D86 = {
						CreatedOnToolsVersion = 8.1;
						DevelopmentTeam = XRA6FP4984;
						ProvisioningStyle = Automatic;
						TestTargetID = 9F3DC7421E2E36B600C26D86;
					};
				};
			};
			buildConfigurationList = 9F3DC73E1E2E36B600C26D86 /* Build configuration list for PBXProject "RecordLife" */;
			compatibilityVersion = "Xcode 3.2";
			developmentRegion = English;
			hasScannedForEncodings = 0;
			knownRegions = (
				en,
				Base,
			);
			mainGroup = 9F3DC73A1E2E36B600C26D86;
			productRefGroup = 9F3DC7441E2E36B600C26D86 /* Products */;
			projectDirPath = "";
			projectRoot = "";
			targets = (
				9F3DC7421E2E36B600C26D86 /* RecordLife */,
				9F3DC75B1E2E36B600C26D86 /* RecordLifeTests */,
				9F3DC7661E2E36B600C26D86 /* RecordLifeUITests */,
			);
		};
/* End PBXProject section */

/* Begin PBXResourcesBuildPhase section */
		9F3DC7411E2E36B600C26D86 /* Resources */ = {
			isa = PBXResourcesBuildPhase;
			buildActionMask = 2147483647;
			files = (
				9F3DC7561E2E36B600C26D86 /* LaunchScreen.storyboard in Resources */,
				9F3DC7531E2E36B600C26D86 /* Assets.xcassets in Resources */,
				9F0369B21EB744CC003FB013 /* CycleTableViewCell.xib in Resources */,
				9F3DC7511E2E36B600C26D86 /* Main.storyboard in Resources */,
			);
			runOnlyForDeploymentPostprocessing = 0;
		};
		9F3DC75A1E2E36B600C26D86 /* Resources */ = {
			isa = PBXResourcesBuildPhase;
			buildActionMask = 2147483647;
			files = (
			);
			runOnlyForDeploymentPostprocessing = 0;
		};
		9F3DC7651E2E36B600C26D86 /* Resources */ = {
			isa = PBXResourcesBuildPhase;
			buildActionMask = 2147483647;
			files = (
			);
			runOnlyForDeploymentPostprocessing = 0;
		};
/* End PBXResourcesBuildPhase section */

/* Begin PBXShellScriptBuildPhase section */
		58D2AC4287959262E5CFBB4B /* [CP] Check Pods Manifest.lock */ = {
			isa = PBXShellScriptBuildPhase;
			buildActionMask = 2147483647;
			files = (
			);
			inputPaths = (
			);
			name = "[CP] Check Pods Manifest.lock";
			outputPaths = (
			);
			runOnlyForDeploymentPostprocessing = 0;
			shellPath = /bin/sh;
			shellScript = "diff \"${PODS_ROOT}/../Podfile.lock\" \"${PODS_ROOT}/Manifest.lock\" > /dev/null\nif [ $? != 0 ] ; then\n    # print error to STDERR\n    echo \"error: The sandbox is not in sync with the Podfile.lock. Run 'pod install' or update your CocoaPods installation.\" >&2\n    exit 1\nfi\n";
			showEnvVarsInLog = 0;
		};
		90E37BAFEB899BA0DC97063D /* [CP] Embed Pods Frameworks */ = {
			isa = PBXShellScriptBuildPhase;
			buildActionMask = 2147483647;
			files = (
			);
			inputPaths = (
			);
			name = "[CP] Embed Pods Frameworks";
			outputPaths = (
			);
			runOnlyForDeploymentPostprocessing = 0;
			shellPath = /bin/sh;
			shellScript = "\"${SRCROOT}/Pods/Target Support Files/Pods-RecordLife/Pods-RecordLife-frameworks.sh\"\n";
			showEnvVarsInLog = 0;
		};
		D3C93186D3D6B7A5C4DC0712 /* [CP] Copy Pods Resources */ = {
			isa = PBXShellScriptBuildPhase;
			buildActionMask = 2147483647;
			files = (
			);
			inputPaths = (
			);
			name = "[CP] Copy Pods Resources";
			outputPaths = (
			);
			runOnlyForDeploymentPostprocessing = 0;
			shellPath = /bin/sh;
			shellScript = "\"${SRCROOT}/Pods/Target Support Files/Pods-RecordLife/Pods-RecordLife-resources.sh\"\n";
			showEnvVarsInLog = 0;
		};
/* End PBXShellScriptBuildPhase section */

/* Begin PBXSourcesBuildPhase section */
		9F3DC73F1E2E36B600C26D86 /* Sources */ = {
			isa = PBXSourcesBuildPhase;
			buildActionMask = 2147483647;
			files = (
				9F43065F1EBDF84A00959BD8 /* XAnimation.m in Sources */,
				9F3DC7921E2E566500C26D86 /* XJYViewController.m in Sources */,
				9F0F825D1E9F7999009763FF /* OrdinateView.m in Sources */,
				9FF5F7121EDEE2B7000D25EB /* CAShapeLayer+XJYLayerHelper.m in Sources */,
				9F0F82671E9F7999009763FF /* XColor.m in Sources */,
				9FCCC19A1EA4E91E00D54EF7 /* XPositiveNegativeBarChart.m in Sources */,
				9F2813F31EC1F7AC0024E19F /* AreaLineTableViewCell.m in Sources */,
				9FC59C301EA8B5B000257ECC /* Colours.m in Sources */,
				9FC59C331EA8B5C200257ECC /* XAnimationLabel.m in Sources */,
				9F3DC7A11E2E5A4200C26D86 /* HomeOneTableViewCellViewModel.m in Sources */,
				9F3DC78A1E2E492B00C26D86 /* XJYIPTools.m in Sources */,
				9F0F82621E9F7999009763FF /* XAuxiliaryCalculationHelper.m in Sources */,
				9F3DC79B1E2E59DF00C26D86 /* XJYTableViewCell.m in Sources */,
				9FCCC1661EA4BC3E00D54EF7 /* XPositiveNegativeBarContainerView.m in Sources */,
				9FCCC1A31EA4F11500D54EF7 /* LineChartCell.m in Sources */,
				9F0369B51EB75051003FB013 /* XJYTapCycleView.m in Sources */,
				9F0F82711E9F7999009763FF /* XLineChartItem.m in Sources */,
				9F20B9391EC444CA00973A15 /* UIGestureRecognizer+XXGes.m in Sources */,
				9F0F82611E9F7999009763FF /* XBarContainerView.m in Sources */,
				9F0F825E1E9F7999009763FF /* XRandomNumerHelper.m in Sources */,
				9F3DC74E1E2E36B600C26D86 /* ViewController.m in Sources */,
				9FCCC19D1EA4E99000D54EF7 /* XPositiveNegativeBarChartView.m in Sources */,
				9F0F826E1E9F7999009763FF /* XLineContainerView.m in Sources */,
				9F3B2A161E797580000FB7DB /* BarChartCell.m in Sources */,
				9F0F826A1E9F7999009763FF /* XPieChart.m in Sources */,
				9F2813F01EC1E8030024E19F /* XAreaLineContainerView.m in Sources */,
				9F0F82571E9F7999009763FF /* CALayer+XXLayer.m in Sources */,
				9F3DC74B1E2E36B600C26D86 /* AppDelegate.m in Sources */,
				9F0F826F1E9F7999009763FF /* XBarChart.m in Sources */,
				9F0F826D1E9F7999009763FF /* XLineChartView.m in Sources */,
				9F0F82601E9F7999009763FF /* XBarChartView.m in Sources */,
				9F3DC7981E2E56B700C26D86 /* HomeViewControllerViewModel.m in Sources */,
				9F3DC78F1E2E492B00C26D86 /* XJYPopOption.m in Sources */,
				9F3DC7951E2E569100C26D86 /* HomeViewController.m in Sources */,
				9F0F82641E9F7999009763FF /* XBarItem.m in Sources */,
				9F0F826B1E9F7999009763FF /* XPieItem.m in Sources */,
				9F20B93F1EC47CAB00973A15 /* XStackAreaLineContainerView.m in Sources */,
				9F96A8E61EBA0DDD00BDC2C9 /* XNotificationBridge.m in Sources */,
				9F0369FD1EB778E9003FB013 /* BtnView.m in Sources */,
				9F0369B11EB744CC003FB013 /* CycleTableViewCell.m in Sources */,
				9F0F82701E9F7999009763FF /* XLineChart.m in Sources */,
				9FE73E4D1F0D12A300D126AA /* XAnimator.m in Sources */,
				9F0F82561E9F7999009763FF /* XAbscissaView.m in Sources */,
				9FCCC1A61EA4F14800D54EF7 /* PositiveNegativeBarChartCell.m in Sources */,
				9FC59C2F1EA8B5B000257ECC /* CAShapeLayer+frameCategory.m in Sources */,
				9F3DC7481E2E36B600C26D86 /* main.m in Sources */,
				9F20B9421EC4990700973A15 /* StackAreaTableViewCell.m in Sources */,
				9F0369AD1EB744AA003FB013 /* XCycleView.m in Sources */,
				9FB579031E349C9200339633 /* PieChartCell.m in Sources */,
				9F146A0C1F0A322C002B966B /* XShape.m in Sources */,
			);
			runOnlyForDeploymentPostprocessing = 0;
		};
		9F3DC7581E2E36B600C26D86 /* Sources */ = {
			isa = PBXSourcesBuildPhase;
			buildActionMask = 2147483647;
			files = (
				9F3DC7611E2E36B600C26D86 /* RecordLifeTests.m in Sources */,
			);
			runOnlyForDeploymentPostprocessing = 0;
		};
		9F3DC7631E2E36B600C26D86 /* Sources */ = {
			isa = PBXSourcesBuildPhase;
			buildActionMask = 2147483647;
			files = (
				9F3DC76C1E2E36B600C26D86 /* RecordLifeUITests.m in Sources */,
			);
			runOnlyForDeploymentPostprocessing = 0;
		};
/* End PBXSourcesBuildPhase section */

/* Begin PBXTargetDependency section */
		9F3DC75E1E2E36B600C26D86 /* PBXTargetDependency */ = {
			isa = PBXTargetDependency;
			target = 9F3DC7421E2E36B600C26D86 /* RecordLife */;
			targetProxy = 9F3DC75D1E2E36B600C26D86 /* PBXContainerItemProxy */;
		};
		9F3DC7691E2E36B600C26D86 /* PBXTargetDependency */ = {
			isa = PBXTargetDependency;
			target = 9F3DC7421E2E36B600C26D86 /* RecordLife */;
			targetProxy = 9F3DC7681E2E36B600C26D86 /* PBXContainerItemProxy */;
		};
/* End PBXTargetDependency section */

/* Begin PBXVariantGroup section */
		9F3DC74F1E2E36B600C26D86 /* Main.storyboard */ = {
			isa = PBXVariantGroup;
			children = (
				9F3DC7501E2E36B600C26D86 /* Base */,
			);
			name = Main.storyboard;
			sourceTree = "<group>";
		};
		9F3DC7541E2E36B600C26D86 /* LaunchScreen.storyboard */ = {
			isa = PBXVariantGroup;
			children = (
				9F3DC7551E2E36B600C26D86 /* Base */,
			);
			name = LaunchScreen.storyboard;
			sourceTree = "<group>";
		};
/* End PBXVariantGroup section */

/* Begin XCBuildConfiguration section */
		9F3DC76E1E2E36B600C26D86 /* Debug */ = {
			isa = XCBuildConfiguration;
			buildSettings = {
				ALWAYS_SEARCH_USER_PATHS = NO;
				CLANG_ANALYZER_NONNULL = YES;
				CLANG_CXX_LANGUAGE_STANDARD = "gnu++0x";
				CLANG_CXX_LIBRARY = "libc++";
				CLANG_ENABLE_MODULES = YES;
				CLANG_ENABLE_OBJC_ARC = YES;
				CLANG_WARN_BOOL_CONVERSION = YES;
				CLANG_WARN_CONSTANT_CONVERSION = YES;
				CLANG_WARN_DIRECT_OBJC_ISA_USAGE = YES_ERROR;
				CLANG_WARN_DOCUMENTATION_COMMENTS = YES;
				CLANG_WARN_EMPTY_BODY = YES;
				CLANG_WARN_ENUM_CONVERSION = YES;
				CLANG_WARN_INFINITE_RECURSION = YES;
				CLANG_WARN_INT_CONVERSION = YES;
				CLANG_WARN_OBJC_ROOT_CLASS = YES_ERROR;
				CLANG_WARN_SUSPICIOUS_MOVES = YES;
				CLANG_WARN_UNREACHABLE_CODE = YES;
				CLANG_WARN__DUPLICATE_METHOD_MATCH = YES;
				"CODE_SIGN_IDENTITY[sdk=iphoneos*]" = "iPhone Developer";
				COPY_PHASE_STRIP = NO;
				DEBUG_INFORMATION_FORMAT = dwarf;
				ENABLE_STRICT_OBJC_MSGSEND = YES;
				ENABLE_TESTABILITY = YES;
				GCC_C_LANGUAGE_STANDARD = gnu99;
				GCC_DYNAMIC_NO_PIC = NO;
				GCC_NO_COMMON_BLOCKS = YES;
				GCC_OPTIMIZATION_LEVEL = 0;
				GCC_PREPROCESSOR_DEFINITIONS = (
					"DEBUG=1",
					"$(inherited)",
				);
				GCC_WARN_64_TO_32_BIT_CONVERSION = YES;
				GCC_WARN_ABOUT_RETURN_TYPE = YES_ERROR;
				GCC_WARN_UNDECLARED_SELECTOR = YES;
				GCC_WARN_UNINITIALIZED_AUTOS = YES_AGGRESSIVE;
				GCC_WARN_UNUSED_FUNCTION = YES;
				GCC_WARN_UNUSED_VARIABLE = YES;
				IPHONEOS_DEPLOYMENT_TARGET = 10.1;
				MTL_ENABLE_DEBUG_INFO = YES;
				ONLY_ACTIVE_ARCH = YES;
				OTHER_LDFLAGS = "-all_load";
				SDKROOT = iphoneos;
				TARGETED_DEVICE_FAMILY = "1,2";
			};
			name = Debug;
		};
		9F3DC76F1E2E36B600C26D86 /* Release */ = {
			isa = XCBuildConfiguration;
			buildSettings = {
				ALWAYS_SEARCH_USER_PATHS = NO;
				CLANG_ANALYZER_NONNULL = YES;
				CLANG_CXX_LANGUAGE_STANDARD = "gnu++0x";
				CLANG_CXX_LIBRARY = "libc++";
				CLANG_ENABLE_MODULES = YES;
				CLANG_ENABLE_OBJC_ARC = YES;
				CLANG_WARN_BOOL_CONVERSION = YES;
				CLANG_WARN_CONSTANT_CONVERSION = YES;
				CLANG_WARN_DIRECT_OBJC_ISA_USAGE = YES_ERROR;
				CLANG_WARN_DOCUMENTATION_COMMENTS = YES;
				CLANG_WARN_EMPTY_BODY = YES;
				CLANG_WARN_ENUM_CONVERSION = YES;
				CLANG_WARN_INFINITE_RECURSION = YES;
				CLANG_WARN_INT_CONVERSION = YES;
				CLANG_WARN_OBJC_ROOT_CLASS = YES_ERROR;
				CLANG_WARN_SUSPICIOUS_MOVES = YES;
				CLANG_WARN_UNREACHABLE_CODE = YES;
				CLANG_WARN__DUPLICATE_METHOD_MATCH = YES;
				"CODE_SIGN_IDENTITY[sdk=iphoneos*]" = "iPhone Developer";
				COPY_PHASE_STRIP = NO;
				DEBUG_INFORMATION_FORMAT = "dwarf-with-dsym";
				ENABLE_NS_ASSERTIONS = NO;
				ENABLE_STRICT_OBJC_MSGSEND = YES;
				GCC_C_LANGUAGE_STANDARD = gnu99;
				GCC_NO_COMMON_BLOCKS = YES;
				GCC_WARN_64_TO_32_BIT_CONVERSION = YES;
				GCC_WARN_ABOUT_RETURN_TYPE = YES_ERROR;
				GCC_WARN_UNDECLARED_SELECTOR = YES;
				GCC_WARN_UNINITIALIZED_AUTOS = YES_AGGRESSIVE;
				GCC_WARN_UNUSED_FUNCTION = YES;
				GCC_WARN_UNUSED_VARIABLE = YES;
				IPHONEOS_DEPLOYMENT_TARGET = 10.1;
				MTL_ENABLE_DEBUG_INFO = NO;
				OTHER_LDFLAGS = "-all_load";
				SDKROOT = iphoneos;
				TARGETED_DEVICE_FAMILY = "1,2";
				VALIDATE_PRODUCT = YES;
			};
			name = Release;
		};
		9F3DC7711E2E36B600C26D86 /* Debug */ = {
			isa = XCBuildConfiguration;
			baseConfigurationReference = 37737D6A36A792975C04CD82 /* Pods-RecordLife.debug.xcconfig */;
			buildSettings = {
				ASSETCATALOG_COMPILER_APPICON_NAME = AppIcon;
				CLANG_ENABLE_MODULES = NO;
				DEVELOPMENT_TEAM = XRA6FP4984;
				GCC_PRECOMPILE_PREFIX_HEADER = YES;
				GCC_PREFIX_HEADER = "";
				INFOPLIST_FILE = RecordLife/Info.plist;
				IPHONEOS_DEPLOYMENT_TARGET = 8.0;
				LD_RUNPATH_SEARCH_PATHS = "$(inherited) @executable_path/Frameworks";
				PRODUCT_BUNDLE_IDENTIFIER = com.XJY..;
				PRODUCT_NAME = "$(TARGET_NAME)";
				SWIFT_OBJC_BRIDGING_HEADER = "RecordLife-Bridging-Header.h";
				SWIFT_OPTIMIZATION_LEVEL = "-Onone";
				SWIFT_VERSION = 3.0;
			};
			name = Debug;
		};
		9F3DC7721E2E36B600C26D86 /* Release */ = {
			isa = XCBuildConfiguration;
			baseConfigurationReference = 268B4BE433119986366F9157 /* Pods-RecordLife.release.xcconfig */;
			buildSettings = {
				ASSETCATALOG_COMPILER_APPICON_NAME = AppIcon;
				CLANG_ENABLE_MODULES = NO;
				DEVELOPMENT_TEAM = XRA6FP4984;
				GCC_PRECOMPILE_PREFIX_HEADER = YES;
				GCC_PREFIX_HEADER = "";
				INFOPLIST_FILE = RecordLife/Info.plist;
				IPHONEOS_DEPLOYMENT_TARGET = 8.0;
				LD_RUNPATH_SEARCH_PATHS = "$(inherited) @executable_path/Frameworks";
				PRODUCT_BUNDLE_IDENTIFIER = com.XJY..;
				PRODUCT_NAME = "$(TARGET_NAME)";
				SWIFT_OBJC_BRIDGING_HEADER = "RecordLife-Bridging-Header.h";
				SWIFT_VERSION = 3.0;
			};
			name = Release;
		};
		9F3DC7741E2E36B600C26D86 /* Debug */ = {
			isa = XCBuildConfiguration;
			buildSettings = {
				BUNDLE_LOADER = "$(TEST_HOST)";
				DEVELOPMENT_TEAM = XRA6FP4984;
				INFOPLIST_FILE = RecordLifeTests/Info.plist;
				LD_RUNPATH_SEARCH_PATHS = "$(inherited) @executable_path/Frameworks @loader_path/Frameworks";
				PRODUCT_BUNDLE_IDENTIFIER = com.XJY..RecordLifeTests;
				PRODUCT_NAME = "$(TARGET_NAME)";
				TEST_HOST = "$(BUILT_PRODUCTS_DIR)/RecordLife.app/RecordLife";
			};
			name = Debug;
		};
		9F3DC7751E2E36B600C26D86 /* Release */ = {
			isa = XCBuildConfiguration;
			buildSettings = {
				BUNDLE_LOADER = "$(TEST_HOST)";
				DEVELOPMENT_TEAM = XRA6FP4984;
				INFOPLIST_FILE = RecordLifeTests/Info.plist;
				LD_RUNPATH_SEARCH_PATHS = "$(inherited) @executable_path/Frameworks @loader_path/Frameworks";
				PRODUCT_BUNDLE_IDENTIFIER = com.XJY..RecordLifeTests;
				PRODUCT_NAME = "$(TARGET_NAME)";
				TEST_HOST = "$(BUILT_PRODUCTS_DIR)/RecordLife.app/RecordLife";
			};
			name = Release;
		};
		9F3DC7771E2E36B600C26D86 /* Debug */ = {
			isa = XCBuildConfiguration;
			buildSettings = {
				DEVELOPMENT_TEAM = XRA6FP4984;
				INFOPLIST_FILE = RecordLifeUITests/Info.plist;
				LD_RUNPATH_SEARCH_PATHS = "$(inherited) @executable_path/Frameworks @loader_path/Frameworks";
				PRODUCT_BUNDLE_IDENTIFIER = com.XJY..RecordLifeUITests;
				PRODUCT_NAME = "$(TARGET_NAME)";
				TEST_TARGET_NAME = RecordLife;
			};
			name = Debug;
		};
		9F3DC7781E2E36B600C26D86 /* Release */ = {
			isa = XCBuildConfiguration;
			buildSettings = {
				DEVELOPMENT_TEAM = XRA6FP4984;
				INFOPLIST_FILE = RecordLifeUITests/Info.plist;
				LD_RUNPATH_SEARCH_PATHS = "$(inherited) @executable_path/Frameworks @loader_path/Frameworks";
				PRODUCT_BUNDLE_IDENTIFIER = com.XJY..RecordLifeUITests;
				PRODUCT_NAME = "$(TARGET_NAME)";
				TEST_TARGET_NAME = RecordLife;
			};
			name = Release;
		};
/* End XCBuildConfiguration section */

/* Begin XCConfigurationList section */
		9F3DC73E1E2E36B600C26D86 /* Build configuration list for PBXProject "RecordLife" */ = {
			isa = XCConfigurationList;
			buildConfigurations = (
				9F3DC76E1E2E36B600C26D86 /* Debug */,
				9F3DC76F1E2E36B600C26D86 /* Release */,
			);
			defaultConfigurationIsVisible = 0;
			defaultConfigurationName = Release;
		};
		9F3DC7701E2E36B600C26D86 /* Build configuration list for PBXNativeTarget "RecordLife" */ = {
			isa = XCConfigurationList;
			buildConfigurations = (
				9F3DC7711E2E36B600C26D86 /* Debug */,
				9F3DC7721E2E36B600C26D86 /* Release */,
			);
			defaultConfigurationIsVisible = 0;
			defaultConfigurationName = Release;
		};
		9F3DC7731E2E36B600C26D86 /* Build configuration list for PBXNativeTarget "RecordLifeTests" */ = {
			isa = XCConfigurationList;
			buildConfigurations = (
				9F3DC7741E2E36B600C26D86 /* Debug */,
				9F3DC7751E2E36B600C26D86 /* Release */,
			);
			defaultConfigurationIsVisible = 0;
			defaultConfigurationName = Release;
		};
		9F3DC7761E2E36B600C26D86 /* Build configuration list for PBXNativeTarget "RecordLifeUITests" */ = {
			isa = XCConfigurationList;
			buildConfigurations = (
				9F3DC7771E2E36B600C26D86 /* Debug */,
				9F3DC7781E2E36B600C26D86 /* Release */,
			);
			defaultConfigurationIsVisible = 0;
			defaultConfigurationName = Release;
		};
/* End XCConfigurationList section */
	};
	rootObject = 9F3DC73B1E2E36B600C26D86 /* Project object */;
}
